
Microsoft Visual Studio Solution File, Format Version 12.00
# Visual Studio Version 16
VisualStudioVersion = 16.0.30907.101
MinimumVisualStudioVersion = 10.0.40219.1
Project("{FAE04EC0-301F-11D3-BF4B-00C04F79EFBC}") = "SmileWallServer", "SmileWallServer.csproj", "{D0C1417B-6F46-46B1-80A1-643049B9ED80}"
EndProject
Global
	GlobalSection(SolutionConfigurationPlatforms) = preSolution
		Debug|Any CPU = Debug|Any CPU
		Release|Any CPU = Release|Any CPU
	EndGlobalSection
	GlobalSection(ProjectConfigurationPlatforms) = postSolution
		{D0C1417B-6F46-46B1-80A1-643049B9ED80}.Debug|Any CPU.ActiveCfg = Debug|Any CPU
		{D0C1417B-6F46-46B1-80A1-643049B9ED80}.Debug|Any CPU.Build.0 = Debug|Any CPU
		{D0C1417B-6F46-46B1-80A1-643049B9ED80}.Release|Any CPU.ActiveCfg = Release|Any CPU
		{D0C1417B-6F46-46B1-80A1-643049B9ED80}.Release|Any CPU.Build.0 = Release|Any CPU
	EndGlobalSection
	GlobalSection(SolutionProperties) = preSolution
		HideSolutionNode = FALSE
	EndGlobalSection
	GlobalSection(ExtensibilityGlobals) = postSolution
		SolutionGuid = {831C29B6-73B1-46C7-AE8B-ACF430B4680F}
	EndGlobalSection
EndGlobal
